// !$*UTF8*$!
{
	archiveVersion = 1;
	classes = {
	};
	objectVersion = 77;
	objects = {

/* Begin PBXBuildFile section */
		06FFD0DF07FC4120866241D4 /* GaryxMobileIdentityPresentation.swift in Sources */ = {isa = PBXBuildFile; fileRef = A223709345838C1E0ED0AA54 /* GaryxMobileIdentityPresentation.swift */; };
		0A00590B7DF3CDD05FB77F13 /* GaryxMobileMarkdownViews.swift in Sources */ = {isa = PBXBuildFile; fileRef = 698A286E34BA98078B82FA55 /* GaryxMobileMarkdownViews.swift */; };
		0D8A5DD9B7F12B0E4B268E0E /* GaryxMobilePresentationModels.swift in Sources */ = {isa = PBXBuildFile; fileRef = 33E8C959491E3144A41F7F3F /* GaryxMobilePresentationModels.swift */; };
		0FBE8E663A65F47AD2280EC8 /* GaryxMobileModel+Navigation.swift in Sources */ = {isa = PBXBuildFile; fileRef = 70D050C692EDB77E3A0219E1 /* GaryxMobileModel+Navigation.swift */; };
		1113C7FBDDD09859853026FA /* GaryxMobileModel+Streaming.swift in Sources */ = {isa = PBXBuildFile; fileRef = 729AB7709FB80CE9D0C82992 /* GaryxMobileModel+Streaming.swift */; };
		13E2EA51156DF738134BEC06 /* GaryxGatewayJSONModels.swift in Sources */ = {isa = PBXBuildFile; fileRef = F7FA38D305E410137E067EFE /* GaryxGatewayJSONModels.swift */; };
		1AD87CB42B4DA41D7CE40882 /* GaryxMobileModel+Messages.swift in Sources */ = {isa = PBXBuildFile; fileRef = 2E36D89B224745FB8CCB97A9 /* GaryxMobileModel+Messages.swift */; };
		1B3821573385446FC7071172 /* GaryxMobileModel+AutoResearch.swift in Sources */ = {isa = PBXBuildFile; fileRef = D79F681DB0518DDF481984C4 /* GaryxMobileModel+AutoResearch.swift */; };
		1B50E3903DB4CA03D2630544 /* GaryxMobileModel+Threads.swift in Sources */ = {isa = PBXBuildFile; fileRef = 334FDE1AE1889B6B05E393F6 /* GaryxMobileModel+Threads.swift */; };
		2053562893A71D6856E34DA8 /* GaryxMobileTurnViews.swift in Sources */ = {isa = PBXBuildFile; fileRef = A0A1C7D2962E494ABE197289 /* GaryxMobileTurnViews.swift */; };
		264FE1934A04ED9A857C3D54 /* GaryxMobileSidebarViews.swift in Sources */ = {isa = PBXBuildFile; fileRef = 6F4CF093BB1005CAE5E9F17A /* GaryxMobileSidebarViews.swift */; };
		267963F45E02F24257D10DC0 /* GaryxMobileComposerViews.swift in Sources */ = {isa = PBXBuildFile; fileRef = F648BB4978C6A1C1465DD118 /* GaryxMobileComposerViews.swift */; };
		27B275F6DB9904F984954344 /* GaryxMobileFileLinks.swift in Sources */ = {isa = PBXBuildFile; fileRef = 4D9D37980035D4D66832FC48 /* GaryxMobileFileLinks.swift */; };
		2D2E7EB4F816E99371CE1328 /* GaryxGatewayModelDecodingSupport.swift in Sources */ = {isa = PBXBuildFile; fileRef = 902CC14ACF818DFD52F6EE4C /* GaryxGatewayModelDecodingSupport.swift */; };
		34392B96C2941E652EF29280 /* GaryxGatewayModels.swift in Sources */ = {isa = PBXBuildFile; fileRef = 3EEA35A82B098DC39D042D12 /* GaryxGatewayModels.swift */; };
		40152566B17D3F9A06148DEF /* GaryxMobileViews.swift in Sources */ = {isa = PBXBuildFile; fileRef = FD6BA59D8E78E5491AF5F418 /* GaryxMobileViews.swift */; };
		4272EBDCF50DFD399BEAB5BC /* GaryxGatewayDreamModels.swift in Sources */ = {isa = PBXBuildFile; fileRef = 28AE03AD71E3B41C88760D7D /* GaryxGatewayDreamModels.swift */; };
		460F465CB06BD3C688EAE2BF /* GaryxMobileModel+StateSync.swift in Sources */ = {isa = PBXBuildFile; fileRef = 614CC394593488DA125C81E5 /* GaryxMobileModel+StateSync.swift */; };
		46811588848D63F1F3C6F6AA /* GaryxGatewayTaskModels.swift in Sources */ = {isa = PBXBuildFile; fileRef = 59B2CC09CCB50BC0B3D7737F /* GaryxGatewayTaskModels.swift */; };
		470CE73917B3BF17F8234F67 /* GaryxMobileLiveUpdateSupport.swift in Sources */ = {isa = PBXBuildFile; fileRef = 8CE8971B557D61DF2BD3D2D0 /* GaryxMobileLiveUpdateSupport.swift */; };
		487401BC1A33D45A3C643B9B /* GaryxMobileSettingsViews.swift in Sources */ = {isa = PBXBuildFile; fileRef = 9DD9773C6FFBEED0254835F7 /* GaryxMobileSettingsViews.swift */; };
		4B6A338A0614AB2BA7987D14 /* GaryxMobileToolTraceViews.swift in Sources */ = {isa = PBXBuildFile; fileRef = 55229844D778C1F196E79ED7 /* GaryxMobileToolTraceViews.swift */; };
		4D84CA39C41A281EB04CE360 /* GaryxMobileStatusComponents.swift in Sources */ = {isa = PBXBuildFile; fileRef = 9E7286404846991029467C64 /* GaryxMobileStatusComponents.swift */; };
		5857E71FA2F8A7848DC3D9E3 /* GaryxMobileIdentityPresentation.swift in Sources */ = {isa = PBXBuildFile; fileRef = A223709345838C1E0ED0AA54 /* GaryxMobileIdentityPresentation.swift */; };
		59CDAF86F99DA7BB9EF50F5F /* GaryxMobilePathFormatting.swift in Sources */ = {isa = PBXBuildFile; fileRef = CCD27D39956D317D1B78E845 /* GaryxMobilePathFormatting.swift */; };
		65C9B1B4830E3365104183AB /* GaryxGatewayAutomationModels.swift in Sources */ = {isa = PBXBuildFile; fileRef = 0C4771975FCC461063C91329 /* GaryxGatewayAutomationModels.swift */; };
		663AEDCD55234F5582DED374 /* GaryxMarkdownBlockParser.swift in Sources */ = {isa = PBXBuildFile; fileRef = 304419CCD574F8F6420CBF4B /* GaryxMarkdownBlockParser.swift */; };
		67BA4930056A0F722574BB35 /* GaryxMobileModel+Utilities.swift in Sources */ = {isa = PBXBuildFile; fileRef = 5AE59A5F69DF8A8937152D2B /* GaryxMobileModel+Utilities.swift */; };
		694FFAFE597C4423207C3B79 /* GaryxImagePreview.swift in Sources */ = {isa = PBXBuildFile; fileRef = F8F91A8B2D1412FBC8034B3C /* GaryxImagePreview.swift */; };
		70C259ED45CDD7B06009E0AA /* GaryxMobileModel+Bots.swift in Sources */ = {isa = PBXBuildFile; fileRef = 38E7A65AE986E412F21281C0 /* GaryxMobileModel+Bots.swift */; };
		7B80F5955018C0823704364A /* GaryxMobileNavigationState.swift in Sources */ = {isa = PBXBuildFile; fileRef = 4047E59A673EF8B9F76138AA /* GaryxMobileNavigationState.swift */; };
		7BA17BD3C835078A615F229A /* GaryxMobileMcpViews.swift in Sources */ = {isa = PBXBuildFile; fileRef = 9454AC169A0256AE22F8A36B /* GaryxMobileMcpViews.swift */; };
		7E599634B48180695AAAB271 /* GaryxMobileWorkspacePresentation.swift in Sources */ = {isa = PBXBuildFile; fileRef = C1746549F6DEF1D0E0BD7B80 /* GaryxMobileWorkspacePresentation.swift */; };
		7EF334DB8B7BE3FF8B7071EA /* GaryxGatewayThreadModels.swift in Sources */ = {isa = PBXBuildFile; fileRef = 5E5903E0699F2D60FDA13267 /* GaryxGatewayThreadModels.swift */; };
		7F0D0335AC33AECED44BF9CC /* GaryxMobileModel+Gateway.swift in Sources */ = {isa = PBXBuildFile; fileRef = 3D5CD2B6986FDBF02525DBEF /* GaryxMobileModel+Gateway.swift */; };
		7F27421A0DBE79BF338B438D /* GaryxMobileAutoResearchViews.swift in Sources */ = {isa = PBXBuildFile; fileRef = 0CAF55BB8312DBA312BD202C /* GaryxMobileAutoResearchViews.swift */; };
		7FC1AEF1B3511EE9641BF037 /* GaryxGatewayStreamingModels.swift in Sources */ = {isa = PBXBuildFile; fileRef = FCAD6E464EE9A740EDD6CE90 /* GaryxGatewayStreamingModels.swift */; };
		805BDED169657C7D5671CF08 /* GaryxMobileApp.swift in Sources */ = {isa = PBXBuildFile; fileRef = 11AA316074A9CD9CA50B90CF /* GaryxMobileApp.swift */; };
		806A5515737626CBA7FA5C5B /* GaryxMobileGatewaySettingsModels.swift in Sources */ = {isa = PBXBuildFile; fileRef = FA46E66E1D21953C78CFC417 /* GaryxMobileGatewaySettingsModels.swift */; };
		815C48DC95A606FB9FA58C72 /* GaryxMobileAutomationViews.swift in Sources */ = {isa = PBXBuildFile; fileRef = A46AFB1DC5ECAFEBEB8231F8 /* GaryxMobileAutomationViews.swift */; };
		82999237B80C77BD392A85B0 /* GaryxMobileModel+JSONSupport.swift in Sources */ = {isa = PBXBuildFile; fileRef = EB9F4BD3510DA7B99FFBB153 /* GaryxMobileModel+JSONSupport.swift */; };
		83780C9FEC8BD1BCECFCA371 /* GaryxRecentThreadsWidget.swift in Sources */ = {isa = PBXBuildFile; fileRef = EE5601E1E802633EBF0D1CBD /* GaryxRecentThreadsWidget.swift */; };
		848AA2C0D10E5E6F3259FF33 /* GaryxMobileModel.swift in Sources */ = {isa = PBXBuildFile; fileRef = 28A514B7A668CBFA3E45581C /* GaryxMobileModel.swift */; };
		876A492B63120FFB71D9A40D /* GaryxMobileTranscriptModel.swift in Sources */ = {isa = PBXBuildFile; fileRef = 9DAB206F266C830E2D22B0A0 /* GaryxMobileTranscriptModel.swift */; };
		8DAF7706E0B0B3146E4FE916 /* GaryxMobileModel+Composer.swift in Sources */ = {isa = PBXBuildFile; fileRef = DB4EDA1FB6AE1D9DFA4A361F /* GaryxMobileModel+Composer.swift */; };
		8E060D57B0AB2C2B3261ED53 /* GaryxMobileCatalogCache.swift in Sources */ = {isa = PBXBuildFile; fileRef = 652B1EA6A38559202A4E8053 /* GaryxMobileCatalogCache.swift */; };
		8E4F71C50B3A2847F0380F2C /* GaryxGatewayChannelBotModels.swift in Sources */ = {isa = PBXBuildFile; fileRef = 468D0CF236DF7A543E3E5429 /* GaryxGatewayChannelBotModels.swift */; };
		90A78BAF500297CAE34E0481 /* GaryxMobileBotGroup.swift in Sources */ = {isa = PBXBuildFile; fileRef = 1A8826ECE40AC87FF9C78A6C /* GaryxMobileBotGroup.swift */; };
		9205CCFFC7590D432A2AFF52 /* GaryxMobileTurnRenderModel.swift in Sources */ = {isa = PBXBuildFile; fileRef = 8E12339A37DADFC1750F2CF0 /* GaryxMobileTurnRenderModel.swift */; };
		937A75F9AD53449B3E09D8F0 /* GaryxMobileWorkspacePreviewViews.swift in Sources */ = {isa = PBXBuildFile; fileRef = FE742C923E12728551BAAFC8 /* GaryxMobileWorkspacePreviewViews.swift */; };
		94882801BD9D787DF8880DF0 /* GaryxMobileWidgetData.swift in Sources */ = {isa = PBXBuildFile; fileRef = DEAA3239C2D11D3B8E2652C4 /* GaryxMobileWidgetData.swift */; };
		950B00052827CDC0E59BDA63 /* GaryxGatewayAgentModels.swift in Sources */ = {isa = PBXBuildFile; fileRef = 90CC45DD8924841660B18E40 /* GaryxGatewayAgentModels.swift */; };
		95BA8E1B8D328BD0CD45305D /* GaryxMobileRouteLink.swift in Sources */ = {isa = PBXBuildFile; fileRef = 483E1DC0BAEFB8049ED2AB59 /* GaryxMobileRouteLink.swift */; };
		96CA1BC60A77189233BA7301 /* GaryxGatewayCommonModels.swift in Sources */ = {isa = PBXBuildFile; fileRef = 50D46D929247D01DDC532E01 /* GaryxGatewayCommonModels.swift */; };
		9E52591158C70F6228B8D980 /* GaryxMobileBotSettingsViews.swift in Sources */ = {isa = PBXBuildFile; fileRef = 1509F71F09DAE2656D096B54 /* GaryxMobileBotSettingsViews.swift */; };
		9EE78F51D327CCA045128DE0 /* GaryxMobileSettings.swift in Sources */ = {isa = PBXBuildFile; fileRef = C6D641F9FD93A8CC6D0371DB /* GaryxMobileSettings.swift */; };
		A562003AFA59E54251030CBA /* GaryxGatewayCommandMcpModels.swift in Sources */ = {isa = PBXBuildFile; fileRef = 76DC907FE307E8D4CC8F5CEA /* GaryxGatewayCommandMcpModels.swift */; };
		A83D45EF1EE752C536A30383 /* GaryxMobileModel+TasksDreamsAutomations.swift in Sources */ = {isa = PBXBuildFile; fileRef = CAE889EF8BF4B35E8D3498AB /* GaryxMobileModel+TasksDreamsAutomations.swift */; };
		B312AAA3A73883FD5559840A /* GaryxGatewayClient.swift in Sources */ = {isa = PBXBuildFile; fileRef = B755A88B709E9FC317101B90 /* GaryxGatewayClient.swift */; };
		B3E8F01788FEBF05F580CDB5 /* Assets.xcassets in Resources */ = {isa = PBXBuildFile; fileRef = 3C34CAC1B1FA773A38C5D1F4 /* Assets.xcassets */; };
		B41CBBB6E4B8B1D5D6F8302D /* GaryxMobileTasksViews.swift in Sources */ = {isa = PBXBuildFile; fileRef = CE86E19A09CD7772C790B63F /* GaryxMobileTasksViews.swift */; };
		B7F73A32BF807FDA21208B89 /* GaryxMobileCommandsViews.swift in Sources */ = {isa = PBXBuildFile; fileRef = E194B12283F49B424015FC62 /* GaryxMobileCommandsViews.swift */; };
		BB99E622398CCC74DA4AB4E8 /* GaryxMobileAgentPickerComponents.swift in Sources */ = {isa = PBXBuildFile; fileRef = F1D71D180CEBED0DD2BF27F6 /* GaryxMobileAgentPickerComponents.swift */; };
		BC52499E0835B858D11E4290 /* GaryxMobileModel+AgentsWorkspaces.swift in Sources */ = {isa = PBXBuildFile; fileRef = A71328F92AD065E55EB9EF5E /* GaryxMobileModel+AgentsWorkspaces.swift */; };
		BD1ED3CA8B798A5A61836FE4 /* GaryxMobileWorkspacesViews.swift in Sources */ = {isa = PBXBuildFile; fileRef = FB5F6B3FBD8E553CD0C7113D /* GaryxMobileWorkspacesViews.swift */; };
		BEDBF052D2538F4513AD93BF /* GaryxMobileConnectLink.swift in Sources */ = {isa = PBXBuildFile; fileRef = C8575D6575E8F57D66F2676B /* GaryxMobileConnectLink.swift */; };
		C658B28219882F8E2E234595 /* GaryxGatewayAutoResearchModels.swift in Sources */ = {isa = PBXBuildFile; fileRef = 9AEACF1B630393249BFDFFDF /* GaryxGatewayAutoResearchModels.swift */; };
		C7D2A6A163DC8876DABBB484 /* PrivacyInfo.xcprivacy in Resources */ = {isa = PBXBuildFile; fileRef = 5BAE4C9689893DAB571DFBB1 /* PrivacyInfo.xcprivacy */; };
		C8E7BCF5C056559C995DE6A2 /* GaryxMobileModel+Presentation.swift in Sources */ = {isa = PBXBuildFile; fileRef = C2ACF9FF24B97102A0E016DB /* GaryxMobileModel+Presentation.swift */; };
		C90CC439AC9EB28C3AB96016 /* GaryxMobileSkillsViews.swift in Sources */ = {isa = PBXBuildFile; fileRef = DA508CD1C569F533610FA865 /* GaryxMobileSkillsViews.swift */; };
		CAD5B6D967E04917C790D135 /* GaryxRecentThreadsWidget.appex in Embed Foundation Extensions */ = {isa = PBXBuildFile; fileRef = 71026FED9143AAF57E04918E /* GaryxRecentThreadsWidget.appex */; settings = {ATTRIBUTES = (RemoveHeadersOnCopy, ); }; };
		CC421CB550DA76BACA259495 /* GaryxMobileFormComponents.swift in Sources */ = {isa = PBXBuildFile; fileRef = E494DEE9C0C03BCBD8BD5ED0 /* GaryxMobileFormComponents.swift */; };
		D240731A001774AD5EDACF08 /* GaryxMobileDesignSystem.swift in Sources */ = {isa = PBXBuildFile; fileRef = AE7158878F175B8C15660D26 /* GaryxMobileDesignSystem.swift */; };
		DD4EAE900E3C75192408A67D /* GaryxMobileListComponents.swift in Sources */ = {isa = PBXBuildFile; fileRef = B5A06E2A0993252DF863E2A3 /* GaryxMobileListComponents.swift */; };
		DD7D61927377755F2047095E /* GaryxMobileConversationViews.swift in Sources */ = {isa = PBXBuildFile; fileRef = 917EB127CF642D126C819413 /* GaryxMobileConversationViews.swift */; };
		DF6E3472AFF1D9BE8ECC4B22 /* GaryxMobileModel+SkillsCommandsMcp.swift in Sources */ = {isa = PBXBuildFile; fileRef = E0C0220ED8374D00857823F2 /* GaryxMobileModel+SkillsCommandsMcp.swift */; };
		E16815333046F3BD6B7365F2 /* GaryxMobileDreamsViews.swift in Sources */ = {isa = PBXBuildFile; fileRef = 370ECE761698B177F197EA5D /* GaryxMobileDreamsViews.swift */; };
		E41BC69774095249986A048A /* GaryxMobileToolSummaryFormatting.swift in Sources */ = {isa = PBXBuildFile; fileRef = 70B635697772DBEABFEF75F9 /* GaryxMobileToolSummaryFormatting.swift */; };
		E8F104E8FE21D0D644D554F4 /* GaryxMobileAgentTargetModel.swift in Sources */ = {isa = PBXBuildFile; fileRef = 88DE602284DF2E4E1D0C75BF /* GaryxMobileAgentTargetModel.swift */; };
		EA0B67DD5146FBBFD55FCB88 /* GaryxMobileWidgetData.swift in Sources */ = {isa = PBXBuildFile; fileRef = DEAA3239C2D11D3B8E2652C4 /* GaryxMobileWidgetData.swift */; };
		F16EF34C7D4E1C22AF032F5D /* GaryxGatewaySkillModels.swift in Sources */ = {isa = PBXBuildFile; fileRef = 31DB7CF2068A0ADF3530D1AE /* GaryxGatewaySkillModels.swift */; };
		F6BA8DEC502E4FE2D3F72B9E /* GaryxMobileComponents.swift in Sources */ = {isa = PBXBuildFile; fileRef = 8FE8BC05C24AA5FF00DD080C /* GaryxMobileComponents.swift */; };
		FE35632E1C50EF5DCA0C406B /* GaryxMobileModel+CatalogCache.swift in Sources */ = {isa = PBXBuildFile; fileRef = 46FD2C3370FEF43C2B7FE78C /* GaryxMobileModel+CatalogCache.swift */; };
		FEC64CFEAD58A9A8AB9AB7C7 /* GaryxGatewayWorkspaceModels.swift in Sources */ = {isa = PBXBuildFile; fileRef = D04F2098CABF05EA74058E71 /* GaryxGatewayWorkspaceModels.swift */; };
		FFEE195FC89B8D514D621D01 /* GaryxMobileAgentsViews.swift in Sources */ = {isa = PBXBuildFile; fileRef = 1A48BC8AC99E3B6202D5420A /* GaryxMobileAgentsViews.swift */; };
/* End PBXBuildFile section */

/* Begin PBXContainerItemProxy section */
		9410123CD40CEEC7EABDFD0A /* PBXContainerItemProxy */ = {
			isa = PBXContainerItemProxy;
			containerPortal = 4A02628BC12AEC1AB9A0BEA3 /* Project object */;
			proxyType = 1;
			remoteGlobalIDString = B0111401C6BEDCA0893D5F43;
			remoteInfo = GaryxRecentThreadsWidget;
		};
/* End PBXContainerItemProxy section */

/* Begin PBXCopyFilesBuildPhase section */
		D5159742D5B04E3BF0951A23 /* Embed Foundation Extensions */ = {
			isa = PBXCopyFilesBuildPhase;
			buildActionMask = 2147483647;
			dstPath = "";
			dstSubfolderSpec = 13;
			files = (
				CAD5B6D967E04917C790D135 /* GaryxRecentThreadsWidget.appex in Embed Foundation Extensions */,
			);
			name = "Embed Foundation Extensions";
			runOnlyForDeploymentPostprocessing = 0;
		};
/* End PBXCopyFilesBuildPhase section */

/* Begin PBXFileReference section */
		0C4771975FCC461063C91329 /* GaryxGatewayAutomationModels.swift */ = {isa = PBXFileReference; lastKnownFileType = sourcecode.swift; path = GaryxGatewayAutomationModels.swift; sourceTree = "<group>"; };
		0CAF55BB8312DBA312BD202C /* GaryxMobileAutoResearchViews.swift */ = {isa = PBXFileReference; lastKnownFileType = sourcecode.swift; path = GaryxMobileAutoResearchViews.swift; sourceTree = "<group>"; };
		11AA316074A9CD9CA50B90CF /* GaryxMobileApp.swift */ = {isa = PBXFileReference; lastKnownFileType = sourcecode.swift; path = GaryxMobileApp.swift; sourceTree = "<group>"; };
		1509F71F09DAE2656D096B54 /* GaryxMobileBotSettingsViews.swift */ = {isa = PBXFileReference; lastKnownFileType = sourcecode.swift; path = GaryxMobileBotSettingsViews.swift; sourceTree = "<group>"; };
		1A48BC8AC99E3B6202D5420A /* GaryxMobileAgentsViews.swift */ = {isa = PBXFileReference; lastKnownFileType = sourcecode.swift; path = GaryxMobileAgentsViews.swift; sourceTree = "<group>"; };
		1A8826ECE40AC87FF9C78A6C /* GaryxMobileBotGroup.swift */ = {isa = PBXFileReference; lastKnownFileType = sourcecode.swift; path = GaryxMobileBotGroup.swift; sourceTree = "<group>"; };
		28A514B7A668CBFA3E45581C /* GaryxMobileModel.swift */ = {isa = PBXFileReference; lastKnownFileType = sourcecode.swift; path = GaryxMobileModel.swift; sourceTree = "<group>"; };
		28AE03AD71E3B41C88760D7D /* GaryxGatewayDreamModels.swift */ = {isa = PBXFileReference; lastKnownFileType = sourcecode.swift; path = GaryxGatewayDreamModels.swift; sourceTree = "<group>"; };
		2E36D89B224745FB8CCB97A9 /* GaryxMobileModel+Messages.swift */ = {isa = PBXFileReference; lastKnownFileType = sourcecode.swift; path = "GaryxMobileModel+Messages.swift"; sourceTree = "<group>"; };
		304419CCD574F8F6420CBF4B /* GaryxMarkdownBlockParser.swift */ = {isa = PBXFileReference; lastKnownFileType = sourcecode.swift; path = GaryxMarkdownBlockParser.swift; sourceTree = "<group>"; };
		31DB7CF2068A0ADF3530D1AE /* GaryxGatewaySkillModels.swift */ = {isa = PBXFileReference; lastKnownFileType = sourcecode.swift; path = GaryxGatewaySkillModels.swift; sourceTree = "<group>"; };
		334FDE1AE1889B6B05E393F6 /* GaryxMobileModel+Threads.swift */ = {isa = PBXFileReference; lastKnownFileType = sourcecode.swift; path = "GaryxMobileModel+Threads.swift"; sourceTree = "<group>"; };
		33E8C959491E3144A41F7F3F /* GaryxMobilePresentationModels.swift */ = {isa = PBXFileReference; lastKnownFileType = sourcecode.swift; path = GaryxMobilePresentationModels.swift; sourceTree = "<group>"; };
		370ECE761698B177F197EA5D /* GaryxMobileDreamsViews.swift */ = {isa = PBXFileReference; lastKnownFileType = sourcecode.swift; path = GaryxMobileDreamsViews.swift; sourceTree = "<group>"; };
		38E7A65AE986E412F21281C0 /* GaryxMobileModel+Bots.swift */ = {isa = PBXFileReference; lastKnownFileType = sourcecode.swift; path = "GaryxMobileModel+Bots.swift"; sourceTree = "<group>"; };
		3C34CAC1B1FA773A38C5D1F4 /* Assets.xcassets */ = {isa = PBXFileReference; lastKnownFileType = folder.assetcatalog; path = Assets.xcassets; sourceTree = "<group>"; };
		3D5CD2B6986FDBF02525DBEF /* GaryxMobileModel+Gateway.swift */ = {isa = PBXFileReference; lastKnownFileType = sourcecode.swift; path = "GaryxMobileModel+Gateway.swift"; sourceTree = "<group>"; };
		3EEA35A82B098DC39D042D12 /* GaryxGatewayModels.swift */ = {isa = PBXFileReference; lastKnownFileType = sourcecode.swift; path = GaryxGatewayModels.swift; sourceTree = "<group>"; };
		4047E59A673EF8B9F76138AA /* GaryxMobileNavigationState.swift */ = {isa = PBXFileReference; lastKnownFileType = sourcecode.swift; path = GaryxMobileNavigationState.swift; sourceTree = "<group>"; };
		468D0CF236DF7A543E3E5429 /* GaryxGatewayChannelBotModels.swift */ = {isa = PBXFileReference; lastKnownFileType = sourcecode.swift; path = GaryxGatewayChannelBotModels.swift; sourceTree = "<group>"; };
		46FD2C3370FEF43C2B7FE78C /* GaryxMobileModel+CatalogCache.swift */ = {isa = PBXFileReference; lastKnownFileType = sourcecode.swift; path = "GaryxMobileModel+CatalogCache.swift"; sourceTree = "<group>"; };
		483E1DC0BAEFB8049ED2AB59 /* GaryxMobileRouteLink.swift */ = {isa = PBXFileReference; lastKnownFileType = sourcecode.swift; path = GaryxMobileRouteLink.swift; sourceTree = "<group>"; };
		4D9D37980035D4D66832FC48 /* GaryxMobileFileLinks.swift */ = {isa = PBXFileReference; lastKnownFileType = sourcecode.swift; path = GaryxMobileFileLinks.swift; sourceTree = "<group>"; };
		50D46D929247D01DDC532E01 /* GaryxGatewayCommonModels.swift */ = {isa = PBXFileReference; lastKnownFileType = sourcecode.swift; path = GaryxGatewayCommonModels.swift; sourceTree = "<group>"; };
		54C062092D7F46A13B65E609 /* GaryxMobile.app */ = {isa = PBXFileReference; includeInIndex = 0; lastKnownFileType = wrapper.application; path = GaryxMobile.app; sourceTree = BUILT_PRODUCTS_DIR; };
		55229844D778C1F196E79ED7 /* GaryxMobileToolTraceViews.swift */ = {isa = PBXFileReference; lastKnownFileType = sourcecode.swift; path = GaryxMobileToolTraceViews.swift; sourceTree = "<group>"; };
		59B2CC09CCB50BC0B3D7737F /* GaryxGatewayTaskModels.swift */ = {isa = PBXFileReference; lastKnownFileType = sourcecode.swift; path = GaryxGatewayTaskModels.swift; sourceTree = "<group>"; };
		5AE59A5F69DF8A8937152D2B /* GaryxMobileModel+Utilities.swift */ = {isa = PBXFileReference; lastKnownFileType = sourcecode.swift; path = "GaryxMobileModel+Utilities.swift"; sourceTree = "<group>"; };
		5BAE4C9689893DAB571DFBB1 /* PrivacyInfo.xcprivacy */ = {isa = PBXFileReference; path = PrivacyInfo.xcprivacy; sourceTree = "<group>"; };
		5E5903E0699F2D60FDA13267 /* GaryxGatewayThreadModels.swift */ = {isa = PBXFileReference; lastKnownFileType = sourcecode.swift; path = GaryxGatewayThreadModels.swift; sourceTree = "<group>"; };
		614CC394593488DA125C81E5 /* GaryxMobileModel+StateSync.swift */ = {isa = PBXFileReference; lastKnownFileType = sourcecode.swift; path = "GaryxMobileModel+StateSync.swift"; sourceTree = "<group>"; };
		652B1EA6A38559202A4E8053 /* GaryxMobileCatalogCache.swift */ = {isa = PBXFileReference; lastKnownFileType = sourcecode.swift; path = GaryxMobileCatalogCache.swift; sourceTree = "<group>"; };
		698A286E34BA98078B82FA55 /* GaryxMobileMarkdownViews.swift */ = {isa = PBXFileReference; lastKnownFileType = sourcecode.swift; path = GaryxMobileMarkdownViews.swift; sourceTree = "<group>"; };
		6F4CF093BB1005CAE5E9F17A /* GaryxMobileSidebarViews.swift */ = {isa = PBXFileReference; lastKnownFileType = sourcecode.swift; path = GaryxMobileSidebarViews.swift; sourceTree = "<group>"; };
		70B635697772DBEABFEF75F9 /* GaryxMobileToolSummaryFormatting.swift */ = {isa = PBXFileReference; lastKnownFileType = sourcecode.swift; path = GaryxMobileToolSummaryFormatting.swift; sourceTree = "<group>"; };
		70D050C692EDB77E3A0219E1 /* GaryxMobileModel+Navigation.swift */ = {isa = PBXFileReference; lastKnownFileType = sourcecode.swift; path = "GaryxMobileModel+Navigation.swift"; sourceTree = "<group>"; };
		71026FED9143AAF57E04918E /* GaryxRecentThreadsWidget.appex */ = {isa = PBXFileReference; includeInIndex = 0; lastKnownFileType = "wrapper.app-extension"; path = GaryxRecentThreadsWidget.appex; sourceTree = BUILT_PRODUCTS_DIR; };
		729AB7709FB80CE9D0C82992 /* GaryxMobileModel+Streaming.swift */ = {isa = PBXFileReference; lastKnownFileType = sourcecode.swift; path = "GaryxMobileModel+Streaming.swift"; sourceTree = "<group>"; };
		76DC907FE307E8D4CC8F5CEA /* GaryxGatewayCommandMcpModels.swift */ = {isa = PBXFileReference; lastKnownFileType = sourcecode.swift; path = GaryxGatewayCommandMcpModels.swift; sourceTree = "<group>"; };
		88DE602284DF2E4E1D0C75BF /* GaryxMobileAgentTargetModel.swift */ = {isa = PBXFileReference; lastKnownFileType = sourcecode.swift; path = GaryxMobileAgentTargetModel.swift; sourceTree = "<group>"; };
		8CE8971B557D61DF2BD3D2D0 /* GaryxMobileLiveUpdateSupport.swift */ = {isa = PBXFileReference; lastKnownFileType = sourcecode.swift; path = GaryxMobileLiveUpdateSupport.swift; sourceTree = "<group>"; };
		8E12339A37DADFC1750F2CF0 /* GaryxMobileTurnRenderModel.swift */ = {isa = PBXFileReference; lastKnownFileType = sourcecode.swift; path = GaryxMobileTurnRenderModel.swift; sourceTree = "<group>"; };
		8FE8BC05C24AA5FF00DD080C /* GaryxMobileComponents.swift */ = {isa = PBXFileReference; lastKnownFileType = sourcecode.swift; path = GaryxMobileComponents.swift; sourceTree = "<group>"; };
		902CC14ACF818DFD52F6EE4C /* GaryxGatewayModelDecodingSupport.swift */ = {isa = PBXFileReference; lastKnownFileType = sourcecode.swift; path = GaryxGatewayModelDecodingSupport.swift; sourceTree = "<group>"; };
		90CC45DD8924841660B18E40 /* GaryxGatewayAgentModels.swift */ = {isa = PBXFileReference; lastKnownFileType = sourcecode.swift; path = GaryxGatewayAgentModels.swift; sourceTree = "<group>"; };
		917EB127CF642D126C819413 /* GaryxMobileConversationViews.swift */ = {isa = PBXFileReference; lastKnownFileType = sourcecode.swift; path = GaryxMobileConversationViews.swift; sourceTree = "<group>"; };
		9454AC169A0256AE22F8A36B /* GaryxMobileMcpViews.swift */ = {isa = PBXFileReference; lastKnownFileType = sourcecode.swift; path = GaryxMobileMcpViews.swift; sourceTree = "<group>"; };
		9AEACF1B630393249BFDFFDF /* GaryxGatewayAutoResearchModels.swift */ = {isa = PBXFileReference; lastKnownFileType = sourcecode.swift; path = GaryxGatewayAutoResearchModels.swift; sourceTree = "<group>"; };
		9DAB206F266C830E2D22B0A0 /* GaryxMobileTranscriptModel.swift */ = {isa = PBXFileReference; lastKnownFileType = sourcecode.swift; path = GaryxMobileTranscriptModel.swift; sourceTree = "<group>"; };
		9DD9773C6FFBEED0254835F7 /* GaryxMobileSettingsViews.swift */ = {isa = PBXFileReference; lastKnownFileType = sourcecode.swift; path = GaryxMobileSettingsViews.swift; sourceTree = "<group>"; };
		9E7286404846991029467C64 /* GaryxMobileStatusComponents.swift */ = {isa = PBXFileReference; lastKnownFileType = sourcecode.swift; path = GaryxMobileStatusComponents.swift; sourceTree = "<group>"; };
		A0A1C7D2962E494ABE197289 /* GaryxMobileTurnViews.swift */ = {isa = PBXFileReference; lastKnownFileType = sourcecode.swift; path = GaryxMobileTurnViews.swift; sourceTree = "<group>"; };
		A223709345838C1E0ED0AA54 /* GaryxMobileIdentityPresentation.swift */ = {isa = PBXFileReference; lastKnownFileType = sourcecode.swift; path = GaryxMobileIdentityPresentation.swift; sourceTree = "<group>"; };
		A46AFB1DC5ECAFEBEB8231F8 /* GaryxMobileAutomationViews.swift */ = {isa = PBXFileReference; lastKnownFileType = sourcecode.swift; path = GaryxMobileAutomationViews.swift; sourceTree = "<group>"; };
		A71328F92AD065E55EB9EF5E /* GaryxMobileModel+AgentsWorkspaces.swift */ = {isa = PBXFileReference; lastKnownFileType = sourcecode.swift; path = "GaryxMobileModel+AgentsWorkspaces.swift"; sourceTree = "<group>"; };
		AE7158878F175B8C15660D26 /* GaryxMobileDesignSystem.swift */ = {isa = PBXFileReference; lastKnownFileType = sourcecode.swift; path = GaryxMobileDesignSystem.swift; sourceTree = "<group>"; };
		B5A06E2A0993252DF863E2A3 /* GaryxMobileListComponents.swift */ = {isa = PBXFileReference; lastKnownFileType = sourcecode.swift; path = GaryxMobileListComponents.swift; sourceTree = "<group>"; };
		B755A88B709E9FC317101B90 /* GaryxGatewayClient.swift */ = {isa = PBXFileReference; lastKnownFileType = sourcecode.swift; path = GaryxGatewayClient.swift; sourceTree = "<group>"; };
		BDEF4D00BDF25CD4A9F91F54 /* GaryxRecentThreadsWidget.entitlements */ = {isa = PBXFileReference; lastKnownFileType = text.plist.entitlements; path = GaryxRecentThreadsWidget.entitlements; sourceTree = "<group>"; };
		C1746549F6DEF1D0E0BD7B80 /* GaryxMobileWorkspacePresentation.swift */ = {isa = PBXFileReference; lastKnownFileType = sourcecode.swift; path = GaryxMobileWorkspacePresentation.swift; sourceTree = "<group>"; };
		C2ACF9FF24B97102A0E016DB /* GaryxMobileModel+Presentation.swift */ = {isa = PBXFileReference; lastKnownFileType = sourcecode.swift; path = "GaryxMobileModel+Presentation.swift"; sourceTree = "<group>"; };
		C6D641F9FD93A8CC6D0371DB /* GaryxMobileSettings.swift */ = {isa = PBXFileReference; lastKnownFileType = sourcecode.swift; path = GaryxMobileSettings.swift; sourceTree = "<group>"; };
		C8575D6575E8F57D66F2676B /* GaryxMobileConnectLink.swift */ = {isa = PBXFileReference; lastKnownFileType = sourcecode.swift; path = GaryxMobileConnectLink.swift; sourceTree = "<group>"; };
		CAE889EF8BF4B35E8D3498AB /* GaryxMobileModel+TasksDreamsAutomations.swift */ = {isa = PBXFileReference; lastKnownFileType = sourcecode.swift; path = "GaryxMobileModel+TasksDreamsAutomations.swift"; sourceTree = "<group>"; };
		CCD27D39956D317D1B78E845 /* GaryxMobilePathFormatting.swift */ = {isa = PBXFileReference; lastKnownFileType = sourcecode.swift; path = GaryxMobilePathFormatting.swift; sourceTree = "<group>"; };
		CE86E19A09CD7772C790B63F /* GaryxMobileTasksViews.swift */ = {isa = PBXFileReference; lastKnownFileType = sourcecode.swift; path = GaryxMobileTasksViews.swift; sourceTree = "<group>"; };
		CE91DF8756A9A838035F88A8 /* GaryxMobile.entitlements */ = {isa = PBXFileReference; lastKnownFileType = text.plist.entitlements; path = GaryxMobile.entitlements; sourceTree = "<group>"; };
		D04F2098CABF05EA74058E71 /* GaryxGatewayWorkspaceModels.swift */ = {isa = PBXFileReference; lastKnownFileType = sourcecode.swift; path = GaryxGatewayWorkspaceModels.swift; sourceTree = "<group>"; };
		D79F681DB0518DDF481984C4 /* GaryxMobileModel+AutoResearch.swift */ = {isa = PBXFileReference; lastKnownFileType = sourcecode.swift; path = "GaryxMobileModel+AutoResearch.swift"; sourceTree = "<group>"; };
		D97E066072087A1089BFFA23 /* Info.plist */ = {isa = PBXFileReference; lastKnownFileType = text.plist; path = Info.plist; sourceTree = "<group>"; };
		DA508CD1C569F533610FA865 /* GaryxMobileSkillsViews.swift */ = {isa = PBXFileReference; lastKnownFileType = sourcecode.swift; path = GaryxMobileSkillsViews.swift; sourceTree = "<group>"; };
		DB4EDA1FB6AE1D9DFA4A361F /* GaryxMobileModel+Composer.swift */ = {isa = PBXFileReference; lastKnownFileType = sourcecode.swift; path = "GaryxMobileModel+Composer.swift"; sourceTree = "<group>"; };
		DE3E9D2CD37099FC32981108 /* Info.plist */ = {isa = PBXFileReference; lastKnownFileType = text.plist; path = Info.plist; sourceTree = "<group>"; };
		DEAA3239C2D11D3B8E2652C4 /* GaryxMobileWidgetData.swift */ = {isa = PBXFileReference; lastKnownFileType = sourcecode.swift; path = GaryxMobileWidgetData.swift; sourceTree = "<group>"; };
		E0C0220ED8374D00857823F2 /* GaryxMobileModel+SkillsCommandsMcp.swift */ = {isa = PBXFileReference; lastKnownFileType = sourcecode.swift; path = "GaryxMobileModel+SkillsCommandsMcp.swift"; sourceTree = "<group>"; };
		E194B12283F49B424015FC62 /* GaryxMobileCommandsViews.swift */ = {isa = PBXFileReference; lastKnownFileType = sourcecode.swift; path = GaryxMobileCommandsViews.swift; sourceTree = "<group>"; };
		E494DEE9C0C03BCBD8BD5ED0 /* GaryxMobileFormComponents.swift */ = {isa = PBXFileReference; lastKnownFileType = sourcecode.swift; path = GaryxMobileFormComponents.swift; sourceTree = "<group>"; };
		EB9F4BD3510DA7B99FFBB153 /* GaryxMobileModel+JSONSupport.swift */ = {isa = PBXFileReference; lastKnownFileType = sourcecode.swift; path = "GaryxMobileModel+JSONSupport.swift"; sourceTree = "<group>"; };
		EE5601E1E802633EBF0D1CBD /* GaryxRecentThreadsWidget.swift */ = {isa = PBXFileReference; lastKnownFileType = sourcecode.swift; path = GaryxRecentThreadsWidget.swift; sourceTree = "<group>"; };
		F1D71D180CEBED0DD2BF27F6 /* GaryxMobileAgentPickerComponents.swift */ = {isa = PBXFileReference; lastKnownFileType = sourcecode.swift; path = GaryxMobileAgentPickerComponents.swift; sourceTree = "<group>"; };
		F648BB4978C6A1C1465DD118 /* GaryxMobileComposerViews.swift */ = {isa = PBXFileReference; lastKnownFileType = sourcecode.swift; path = GaryxMobileComposerViews.swift; sourceTree = "<group>"; };
		F7FA38D305E410137E067EFE /* GaryxGatewayJSONModels.swift */ = {isa = PBXFileReference; lastKnownFileType = sourcecode.swift; path = GaryxGatewayJSONModels.swift; sourceTree = "<group>"; };
		F8F91A8B2D1412FBC8034B3C /* GaryxImagePreview.swift */ = {isa = PBXFileReference; lastKnownFileType = sourcecode.swift; path = GaryxImagePreview.swift; sourceTree = "<group>"; };
		FA46E66E1D21953C78CFC417 /* GaryxMobileGatewaySettingsModels.swift */ = {isa = PBXFileReference; lastKnownFileType = sourcecode.swift; path = GaryxMobileGatewaySettingsModels.swift; sourceTree = "<group>"; };
		FB5F6B3FBD8E553CD0C7113D /* GaryxMobileWorkspacesViews.swift */ = {isa = PBXFileReference; lastKnownFileType = sourcecode.swift; path = GaryxMobileWorkspacesViews.swift; sourceTree = "<group>"; };
		FCAD6E464EE9A740EDD6CE90 /* GaryxGatewayStreamingModels.swift */ = {isa = PBXFileReference; lastKnownFileType = sourcecode.swift; path = GaryxGatewayStreamingModels.swift; sourceTree = "<group>"; };
		FD6BA59D8E78E5491AF5F418 /* GaryxMobileViews.swift */ = {isa = PBXFileReference; lastKnownFileType = sourcecode.swift; path = GaryxMobileViews.swift; sourceTree = "<group>"; };
		FE742C923E12728551BAAFC8 /* GaryxMobileWorkspacePreviewViews.swift */ = {isa = PBXFileReference; lastKnownFileType = sourcecode.swift; path = GaryxMobileWorkspacePreviewViews.swift; sourceTree = "<group>"; };
/* End PBXFileReference section */

/* Begin PBXGroup section */
		7AEA40746329254D12B681CC = {
			isa = PBXGroup;
			children = (
				DBE102C0208EE2FD4CF1AC45 /* GaryxMobile */,
				DEE4D222ECBEDA3465B020AB /* GaryxMobileCore */,
				C0A2D941F8F905338A11A4A8 /* GaryxRecentThreadsWidget */,
				B80FC9E64347CBE35DF61E17 /* Products */,
			);
			sourceTree = "<group>";
		};
		B80FC9E64347CBE35DF61E17 /* Products */ = {
			isa = PBXGroup;
			children = (
				54C062092D7F46A13B65E609 /* GaryxMobile.app */,
				71026FED9143AAF57E04918E /* GaryxRecentThreadsWidget.appex */,
			);
			name = Products;
			sourceTree = "<group>";
		};
		C0A2D941F8F905338A11A4A8 /* GaryxRecentThreadsWidget */ = {
			isa = PBXGroup;
			children = (
				BDEF4D00BDF25CD4A9F91F54 /* GaryxRecentThreadsWidget.entitlements */,
				EE5601E1E802633EBF0D1CBD /* GaryxRecentThreadsWidget.swift */,
				DE3E9D2CD37099FC32981108 /* Info.plist */,
			);
			name = GaryxRecentThreadsWidget;
			path = Widget/GaryxRecentThreadsWidget;
			sourceTree = "<group>";
		};
		DBE102C0208EE2FD4CF1AC45 /* GaryxMobile */ = {
			isa = PBXGroup;
			children = (
				3C34CAC1B1FA773A38C5D1F4 /* Assets.xcassets */,
				F8F91A8B2D1412FBC8034B3C /* GaryxImagePreview.swift */,
				CE91DF8756A9A838035F88A8 /* GaryxMobile.entitlements */,
				F1D71D180CEBED0DD2BF27F6 /* GaryxMobileAgentPickerComponents.swift */,
				1A48BC8AC99E3B6202D5420A /* GaryxMobileAgentsViews.swift */,
				11AA316074A9CD9CA50B90CF /* GaryxMobileApp.swift */,
				A46AFB1DC5ECAFEBEB8231F8 /* GaryxMobileAutomationViews.swift */,
				0CAF55BB8312DBA312BD202C /* GaryxMobileAutoResearchViews.swift */,
				1509F71F09DAE2656D096B54 /* GaryxMobileBotSettingsViews.swift */,
				E194B12283F49B424015FC62 /* GaryxMobileCommandsViews.swift */,
				8FE8BC05C24AA5FF00DD080C /* GaryxMobileComponents.swift */,
				F648BB4978C6A1C1465DD118 /* GaryxMobileComposerViews.swift */,
				917EB127CF642D126C819413 /* GaryxMobileConversationViews.swift */,
				AE7158878F175B8C15660D26 /* GaryxMobileDesignSystem.swift */,
				370ECE761698B177F197EA5D /* GaryxMobileDreamsViews.swift */,
				E494DEE9C0C03BCBD8BD5ED0 /* GaryxMobileFormComponents.swift */,
				B5A06E2A0993252DF863E2A3 /* GaryxMobileListComponents.swift */,
				698A286E34BA98078B82FA55 /* GaryxMobileMarkdownViews.swift */,
				9454AC169A0256AE22F8A36B /* GaryxMobileMcpViews.swift */,
				28A514B7A668CBFA3E45581C /* GaryxMobileModel.swift */,
				A71328F92AD065E55EB9EF5E /* GaryxMobileModel+AgentsWorkspaces.swift */,
				D79F681DB0518DDF481984C4 /* GaryxMobileModel+AutoResearch.swift */,
				38E7A65AE986E412F21281C0 /* GaryxMobileModel+Bots.swift */,
				46FD2C3370FEF43C2B7FE78C /* GaryxMobileModel+CatalogCache.swift */,
				DB4EDA1FB6AE1D9DFA4A361F /* GaryxMobileModel+Composer.swift */,
				3D5CD2B6986FDBF02525DBEF /* GaryxMobileModel+Gateway.swift */,
				EB9F4BD3510DA7B99FFBB153 /* GaryxMobileModel+JSONSupport.swift */,
				2E36D89B224745FB8CCB97A9 /* GaryxMobileModel+Messages.swift */,
				70D050C692EDB77E3A0219E1 /* GaryxMobileModel+Navigation.swift */,
				C2ACF9FF24B97102A0E016DB /* GaryxMobileModel+Presentation.swift */,
				E0C0220ED8374D00857823F2 /* GaryxMobileModel+SkillsCommandsMcp.swift */,
				614CC394593488DA125C81E5 /* GaryxMobileModel+StateSync.swift */,
				729AB7709FB80CE9D0C82992 /* GaryxMobileModel+Streaming.swift */,
				CAE889EF8BF4B35E8D3498AB /* GaryxMobileModel+TasksDreamsAutomations.swift */,
				334FDE1AE1889B6B05E393F6 /* GaryxMobileModel+Threads.swift */,
				5AE59A5F69DF8A8937152D2B /* GaryxMobileModel+Utilities.swift */,
				C6D641F9FD93A8CC6D0371DB /* GaryxMobileSettings.swift */,
				9DD9773C6FFBEED0254835F7 /* GaryxMobileSettingsViews.swift */,
				6F4CF093BB1005CAE5E9F17A /* GaryxMobileSidebarViews.swift */,
				DA508CD1C569F533610FA865 /* GaryxMobileSkillsViews.swift */,
				9E7286404846991029467C64 /* GaryxMobileStatusComponents.swift */,
				CE86E19A09CD7772C790B63F /* GaryxMobileTasksViews.swift */,
				55229844D778C1F196E79ED7 /* GaryxMobileToolTraceViews.swift */,
				A0A1C7D2962E494ABE197289 /* GaryxMobileTurnViews.swift */,
				FD6BA59D8E78E5491AF5F418 /* GaryxMobileViews.swift */,
				FE742C923E12728551BAAFC8 /* GaryxMobileWorkspacePreviewViews.swift */,
				FB5F6B3FBD8E553CD0C7113D /* GaryxMobileWorkspacesViews.swift */,
				D97E066072087A1089BFFA23 /* Info.plist */,
				5BAE4C9689893DAB571DFBB1 /* PrivacyInfo.xcprivacy */,
			);
			name = GaryxMobile;
			path = App/GaryxMobile;
			sourceTree = "<group>";
		};
		DEE4D222ECBEDA3465B020AB /* GaryxMobileCore */ = {
			isa = PBXGroup;
			children = (
				90CC45DD8924841660B18E40 /* GaryxGatewayAgentModels.swift */,
				0C4771975FCC461063C91329 /* GaryxGatewayAutomationModels.swift */,
				9AEACF1B630393249BFDFFDF /* GaryxGatewayAutoResearchModels.swift */,
				468D0CF236DF7A543E3E5429 /* GaryxGatewayChannelBotModels.swift */,
				B755A88B709E9FC317101B90 /* GaryxGatewayClient.swift */,
				76DC907FE307E8D4CC8F5CEA /* GaryxGatewayCommandMcpModels.swift */,
				50D46D929247D01DDC532E01 /* GaryxGatewayCommonModels.swift */,
				28AE03AD71E3B41C88760D7D /* GaryxGatewayDreamModels.swift */,
				F7FA38D305E410137E067EFE /* GaryxGatewayJSONModels.swift */,
				902CC14ACF818DFD52F6EE4C /* GaryxGatewayModelDecodingSupport.swift */,
				3EEA35A82B098DC39D042D12 /* GaryxGatewayModels.swift */,
				31DB7CF2068A0ADF3530D1AE /* GaryxGatewaySkillModels.swift */,
				FCAD6E464EE9A740EDD6CE90 /* GaryxGatewayStreamingModels.swift */,
				59B2CC09CCB50BC0B3D7737F /* GaryxGatewayTaskModels.swift */,
				5E5903E0699F2D60FDA13267 /* GaryxGatewayThreadModels.swift */,
				D04F2098CABF05EA74058E71 /* GaryxGatewayWorkspaceModels.swift */,
				304419CCD574F8F6420CBF4B /* GaryxMarkdownBlockParser.swift */,
				88DE602284DF2E4E1D0C75BF /* GaryxMobileAgentTargetModel.swift */,
				1A8826ECE40AC87FF9C78A6C /* GaryxMobileBotGroup.swift */,
				652B1EA6A38559202A4E8053 /* GaryxMobileCatalogCache.swift */,
				C8575D6575E8F57D66F2676B /* GaryxMobileConnectLink.swift */,
				4D9D37980035D4D66832FC48 /* GaryxMobileFileLinks.swift */,
				FA46E66E1D21953C78CFC417 /* GaryxMobileGatewaySettingsModels.swift */,
				A223709345838C1E0ED0AA54 /* GaryxMobileIdentityPresentation.swift */,
				8CE8971B557D61DF2BD3D2D0 /* GaryxMobileLiveUpdateSupport.swift */,
				4047E59A673EF8B9F76138AA /* GaryxMobileNavigationState.swift */,
				CCD27D39956D317D1B78E845 /* GaryxMobilePathFormatting.swift */,
				33E8C959491E3144A41F7F3F /* GaryxMobilePresentationModels.swift */,
				483E1DC0BAEFB8049ED2AB59 /* GaryxMobileRouteLink.swift */,
				70B635697772DBEABFEF75F9 /* GaryxMobileToolSummaryFormatting.swift */,
				9DAB206F266C830E2D22B0A0 /* GaryxMobileTranscriptModel.swift */,
				8E12339A37DADFC1750F2CF0 /* GaryxMobileTurnRenderModel.swift */,
				DEAA3239C2D11D3B8E2652C4 /* GaryxMobileWidgetData.swift */,
				C1746549F6DEF1D0E0BD7B80 /* GaryxMobileWorkspacePresentation.swift */,
			);
			name = GaryxMobileCore;
			path = Sources/GaryxMobileCore;
			sourceTree = "<group>";
		};
/* End PBXGroup section */

/* Begin PBXNativeTarget section */
		06646E081C216D36CA710486 /* GaryxMobile */ = {
			isa = PBXNativeTarget;
			buildConfigurationList = 3CD5FACE30AFC20BE6857F21 /* Build configuration list for PBXNativeTarget "GaryxMobile" */;
			buildPhases = (
				D544977FE0E174ACE5526090 /* Sources */,
				C65256449A0D439C8A09BD18 /* Resources */,
				D5159742D5B04E3BF0951A23 /* Embed Foundation Extensions */,
			);
			buildRules = (
			);
			dependencies = (
				1D05C9357EBB1A025BA85B72 /* PBXTargetDependency */,
			);
			name = GaryxMobile;
			packageProductDependencies = (
			);
			productName = GaryxMobile;
			productReference = 54C062092D7F46A13B65E609 /* GaryxMobile.app */;
			productType = "com.apple.product-type.application";
		};
		B0111401C6BEDCA0893D5F43 /* GaryxRecentThreadsWidget */ = {
			isa = PBXNativeTarget;
			buildConfigurationList = 77234A0266B8815BAA698EFA /* Build configuration list for PBXNativeTarget "GaryxRecentThreadsWidget" */;
			buildPhases = (
				60996F6EF2A0CC54B4D1ADC5 /* Sources */,
			);
			buildRules = (
			);
			dependencies = (
			);
			name = GaryxRecentThreadsWidget;
			packageProductDependencies = (
			);
			productName = GaryxRecentThreadsWidget;
			productReference = 71026FED9143AAF57E04918E /* GaryxRecentThreadsWidget.appex */;
			productType = "com.apple.product-type.app-extension";
		};
/* End PBXNativeTarget section */

/* Begin PBXProject section */
		4A02628BC12AEC1AB9A0BEA3 /* Project object */ = {
			isa = PBXProject;
			attributes = {
				BuildIndependentTargetsInParallel = YES;
				LastUpgradeCheck = 1430;
				TargetAttributes = {
					06646E081C216D36CA710486 = {
						DevelopmentTeam = "";
					};
					B0111401C6BEDCA0893D5F43 = {
						DevelopmentTeam = "";
					};
				};
			};
			buildConfigurationList = A66DEAF75527E7E706B22C8F /* Build configuration list for PBXProject "GaryxMobile" */;
			compatibilityVersion = "Xcode 14.0";
			developmentRegion = en;
			hasScannedForEncodings = 0;
			knownRegions = (
				Base,
				en,
			);
			mainGroup = 7AEA40746329254D12B681CC;
			minimizedProjectReferenceProxies = 1;
			preferredProjectObjectVersion = 77;
			projectDirPath = "";
			projectRoot = "";
			targets = (
				06646E081C216D36CA710486 /* GaryxMobile */,
				B0111401C6BEDCA0893D5F43 /* GaryxRecentThreadsWidget */,
			);
		};
/* End PBXProject section */

/* Begin PBXResourcesBuildPhase section */
		C65256449A0D439C8A09BD18 /* Resources */ = {
			isa = PBXResourcesBuildPhase;
			buildActionMask = 2147483647;
			files = (
				B3E8F01788FEBF05F580CDB5 /* Assets.xcassets in Resources */,
				C7D2A6A163DC8876DABBB484 /* PrivacyInfo.xcprivacy in Resources */,
			);
			runOnlyForDeploymentPostprocessing = 0;
		};
/* End PBXResourcesBuildPhase section */

/* Begin PBXSourcesBuildPhase section */
		60996F6EF2A0CC54B4D1ADC5 /* Sources */ = {
			isa = PBXSourcesBuildPhase;
			buildActionMask = 2147483647;
			files = (
				5857E71FA2F8A7848DC3D9E3 /* GaryxMobileIdentityPresentation.swift in Sources */,
				94882801BD9D787DF8880DF0 /* GaryxMobileWidgetData.swift in Sources */,
				83780C9FEC8BD1BCECFCA371 /* GaryxRecentThreadsWidget.swift in Sources */,
			);
			runOnlyForDeploymentPostprocessing = 0;
		};
		D544977FE0E174ACE5526090 /* Sources */ = {
			isa = PBXSourcesBuildPhase;
			buildActionMask = 2147483647;
			files = (
				950B00052827CDC0E59BDA63 /* GaryxGatewayAgentModels.swift in Sources */,
				C658B28219882F8E2E234595 /* GaryxGatewayAutoResearchModels.swift in Sources */,
				65C9B1B4830E3365104183AB /* GaryxGatewayAutomationModels.swift in Sources */,
				8E4F71C50B3A2847F0380F2C /* GaryxGatewayChannelBotModels.swift in Sources */,
				B312AAA3A73883FD5559840A /* GaryxGatewayClient.swift in Sources */,
				A562003AFA59E54251030CBA /* GaryxGatewayCommandMcpModels.swift in Sources */,
				96CA1BC60A77189233BA7301 /* GaryxGatewayCommonModels.swift in Sources */,
				4272EBDCF50DFD399BEAB5BC /* GaryxGatewayDreamModels.swift in Sources */,
				13E2EA51156DF738134BEC06 /* GaryxGatewayJSONModels.swift in Sources */,
				2D2E7EB4F816E99371CE1328 /* GaryxGatewayModelDecodingSupport.swift in Sources */,
				34392B96C2941E652EF29280 /* GaryxGatewayModels.swift in Sources */,
				F16EF34C7D4E1C22AF032F5D /* GaryxGatewaySkillModels.swift in Sources */,
				7FC1AEF1B3511EE9641BF037 /* GaryxGatewayStreamingModels.swift in Sources */,
				46811588848D63F1F3C6F6AA /* GaryxGatewayTaskModels.swift in Sources */,
				7EF334DB8B7BE3FF8B7071EA /* GaryxGatewayThreadModels.swift in Sources */,
				FEC64CFEAD58A9A8AB9AB7C7 /* GaryxGatewayWorkspaceModels.swift in Sources */,
				694FFAFE597C4423207C3B79 /* GaryxImagePreview.swift in Sources */,
				663AEDCD55234F5582DED374 /* GaryxMarkdownBlockParser.swift in Sources */,
				BB99E622398CCC74DA4AB4E8 /* GaryxMobileAgentPickerComponents.swift in Sources */,
				E8F104E8FE21D0D644D554F4 /* GaryxMobileAgentTargetModel.swift in Sources */,
				FFEE195FC89B8D514D621D01 /* GaryxMobileAgentsViews.swift in Sources */,
				805BDED169657C7D5671CF08 /* GaryxMobileApp.swift in Sources */,
				7F27421A0DBE79BF338B438D /* GaryxMobileAutoResearchViews.swift in Sources */,
				815C48DC95A606FB9FA58C72 /* GaryxMobileAutomationViews.swift in Sources */,
				90A78BAF500297CAE34E0481 /* GaryxMobileBotGroup.swift in Sources */,
				9E52591158C70F6228B8D980 /* GaryxMobileBotSettingsViews.swift in Sources */,
				8E060D57B0AB2C2B3261ED53 /* GaryxMobileCatalogCache.swift in Sources */,
				B7F73A32BF807FDA21208B89 /* GaryxMobileCommandsViews.swift in Sources */,
				F6BA8DEC502E4FE2D3F72B9E /* GaryxMobileComponents.swift in Sources */,
				267963F45E02F24257D10DC0 /* GaryxMobileComposerViews.swift in Sources */,
				BEDBF052D2538F4513AD93BF /* GaryxMobileConnectLink.swift in Sources */,
				DD7D61927377755F2047095E /* GaryxMobileConversationViews.swift in Sources */,
				D240731A001774AD5EDACF08 /* GaryxMobileDesignSystem.swift in Sources */,
				E16815333046F3BD6B7365F2 /* GaryxMobileDreamsViews.swift in Sources */,
				27B275F6DB9904F984954344 /* GaryxMobileFileLinks.swift in Sources */,
				CC421CB550DA76BACA259495 /* GaryxMobileFormComponents.swift in Sources */,
				806A5515737626CBA7FA5C5B /* GaryxMobileGatewaySettingsModels.swift in Sources */,
				06FFD0DF07FC4120866241D4 /* GaryxMobileIdentityPresentation.swift in Sources */,
				DD4EAE900E3C75192408A67D /* GaryxMobileListComponents.swift in Sources */,
				470CE73917B3BF17F8234F67 /* GaryxMobileLiveUpdateSupport.swift in Sources */,
				0A00590B7DF3CDD05FB77F13 /* GaryxMobileMarkdownViews.swift in Sources */,
				7BA17BD3C835078A615F229A /* GaryxMobileMcpViews.swift in Sources */,
				BC52499E0835B858D11E4290 /* GaryxMobileModel+AgentsWorkspaces.swift in Sources */,
				1B3821573385446FC7071172 /* GaryxMobileModel+AutoResearch.swift in Sources */,
				70C259ED45CDD7B06009E0AA /* GaryxMobileModel+Bots.swift in Sources */,
				FE35632E1C50EF5DCA0C406B /* GaryxMobileModel+CatalogCache.swift in Sources */,
				8DAF7706E0B0B3146E4FE916 /* GaryxMobileModel+Composer.swift in Sources */,
				7F0D0335AC33AECED44BF9CC /* GaryxMobileModel+Gateway.swift in Sources */,
				82999237B80C77BD392A85B0 /* GaryxMobileModel+JSONSupport.swift in Sources */,
				1AD87CB42B4DA41D7CE40882 /* GaryxMobileModel+Messages.swift in Sources */,
				0FBE8E663A65F47AD2280EC8 /* GaryxMobileModel+Navigation.swift in Sources */,
				C8E7BCF5C056559C995DE6A2 /* GaryxMobileModel+Presentation.swift in Sources */,
				DF6E3472AFF1D9BE8ECC4B22 /* GaryxMobileModel+SkillsCommandsMcp.swift in Sources */,
				460F465CB06BD3C688EAE2BF /* GaryxMobileModel+StateSync.swift in Sources */,
				1113C7FBDDD09859853026FA /* GaryxMobileModel+Streaming.swift in Sources */,
				A83D45EF1EE752C536A30383 /* GaryxMobileModel+TasksDreamsAutomations.swift in Sources */,
				1B50E3903DB4CA03D2630544 /* GaryxMobileModel+Threads.swift in Sources */,
				67BA4930056A0F722574BB35 /* GaryxMobileModel+Utilities.swift in Sources */,
				848AA2C0D10E5E6F3259FF33 /* GaryxMobileModel.swift in Sources */,
				7B80F5955018C0823704364A /* GaryxMobileNavigationState.swift in Sources */,
				59CDAF86F99DA7BB9EF50F5F /* GaryxMobilePathFormatting.swift in Sources */,
				0D8A5DD9B7F12B0E4B268E0E /* GaryxMobilePresentationModels.swift in Sources */,
				95BA8E1B8D328BD0CD45305D /* GaryxMobileRouteLink.swift in Sources */,
				9EE78F51D327CCA045128DE0 /* GaryxMobileSettings.swift in Sources */,
				487401BC1A33D45A3C643B9B /* GaryxMobileSettingsViews.swift in Sources */,
				264FE1934A04ED9A857C3D54 /* GaryxMobileSidebarViews.swift in Sources */,
				C90CC439AC9EB28C3AB96016 /* GaryxMobileSkillsViews.swift in Sources */,
				4D84CA39C41A281EB04CE360 /* GaryxMobileStatusComponents.swift in Sources */,
				B41CBBB6E4B8B1D5D6F8302D /* GaryxMobileTasksViews.swift in Sources */,
				E41BC69774095249986A048A /* GaryxMobileToolSummaryFormatting.swift in Sources */,
				4B6A338A0614AB2BA7987D14 /* GaryxMobileToolTraceViews.swift in Sources */,
				876A492B63120FFB71D9A40D /* GaryxMobileTranscriptModel.swift in Sources */,
				9205CCFFC7590D432A2AFF52 /* GaryxMobileTurnRenderModel.swift in Sources */,
				2053562893A71D6856E34DA8 /* GaryxMobileTurnViews.swift in Sources */,
				40152566B17D3F9A06148DEF /* GaryxMobileViews.swift in Sources */,
				EA0B67DD5146FBBFD55FCB88 /* GaryxMobileWidgetData.swift in Sources */,
				7E599634B48180695AAAB271 /* GaryxMobileWorkspacePresentation.swift in Sources */,
				937A75F9AD53449B3E09D8F0 /* GaryxMobileWorkspacePreviewViews.swift in Sources */,
				BD1ED3CA8B798A5A61836FE4 /* GaryxMobileWorkspacesViews.swift in Sources */,
			);
			runOnlyForDeploymentPostprocessing = 0;
		};
/* End PBXSourcesBuildPhase section */

/* Begin PBXTargetDependency section */
		1D05C9357EBB1A025BA85B72 /* PBXTargetDependency */ = {
			isa = PBXTargetDependency;
			target = B0111401C6BEDCA0893D5F43 /* GaryxRecentThreadsWidget */;
			targetProxy = 9410123CD40CEEC7EABDFD0A /* PBXContainerItemProxy */;
		};
/* End PBXTargetDependency section */

/* Begin XCBuildConfiguration section */
		049FAE091AA98CA8A6EBBA24 /* Debug */ = {
			isa = XCBuildConfiguration;
			buildSettings = {
				CODE_SIGN_ENTITLEMENTS = Widget/GaryxRecentThreadsWidget/GaryxRecentThreadsWidget.entitlements;
				CODE_SIGN_IDENTITY = "iPhone Developer";
				CODE_SIGN_STYLE = Automatic;
				INFOPLIST_FILE = Widget/GaryxRecentThreadsWidget/Info.plist;
				IPHONEOS_DEPLOYMENT_TARGET = 17.0;
				LD_RUNPATH_SEARCH_PATHS = (
					"$(inherited)",
					"@executable_path/Frameworks",
					"@executable_path/../../Frameworks",
				);
				PRODUCT_BUNDLE_IDENTIFIER = com.garyx.mobile.RecentThreadsWidget;
				PRODUCT_NAME = GaryxRecentThreadsWidget;
				SDKROOT = iphoneos;
				SKIP_INSTALL = YES;
				SUPPORTS_MACCATALYST = NO;
				SWIFT_VERSION = 5.9;
				TARGETED_DEVICE_FAMILY = "1,2";
			};
			name = Debug;
		};
		73FB948FA9166B5560629A3E /* Debug */ = {
			isa = XCBuildConfiguration;
			buildSettings = {
				ASSETCATALOG_COMPILER_APPICON_NAME = AppIcon;
				CODE_SIGN_ENTITLEMENTS = App/GaryxMobile/GaryxMobile.entitlements;
				CODE_SIGN_IDENTITY = "iPhone Developer";
				CODE_SIGN_STYLE = Automatic;
				GENERATE_INFOPLIST_FILE = NO;
				INFOPLIST_FILE = App/GaryxMobile/Info.plist;
				IPHONEOS_DEPLOYMENT_TARGET = 17.0;
				LD_RUNPATH_SEARCH_PATHS = (
					"$(inherited)",
					"@executable_path/Frameworks",
				);
				PRODUCT_BUNDLE_IDENTIFIER = com.garyx.mobile;
				PRODUCT_NAME = "Gary X";
				SDKROOT = iphoneos;
				SUPPORTS_MACCATALYST = NO;
				SWIFT_ACTIVE_COMPILATION_CONDITIONS = DEBUG;
				SWIFT_VERSION = 5.9;
				TARGETED_DEVICE_FAMILY = "1,2";
			};
			name = Debug;
		};
		831DE8B21AD3C5F887DB92FD /* Release */ = {
			isa = XCBuildConfiguration;
			buildSettings = {
				ALWAYS_SEARCH_USER_PATHS = NO;
				CLANG_ANALYZER_NONNULL = YES;
				CLANG_ANALYZER_NUMBER_OBJECT_CONVERSION = YES_AGGRESSIVE;
				CLANG_CXX_LANGUAGE_STANDARD = "gnu++14";
				CLANG_CXX_LIBRARY = "libc++";
				CLANG_ENABLE_MODULES = YES;
				CLANG_ENABLE_OBJC_ARC = YES;
				CLANG_ENABLE_OBJC_WEAK = YES;
				CLANG_WARN_BLOCK_CAPTURE_AUTORELEASING = YES;
				CLANG_WARN_BOOL_CONVERSION = YES;
				CLANG_WARN_COMMA = YES;
				CLANG_WARN_CONSTANT_CONVERSION = YES;
				CLANG_WARN_DEPRECATED_OBJC_IMPLEMENTATIONS = YES;
				CLANG_WARN_DIRECT_OBJC_ISA_USAGE = YES_ERROR;
				CLANG_WARN_DOCUMENTATION_COMMENTS = YES;
				CLANG_WARN_EMPTY_BODY = YES;
				CLANG_WARN_ENUM_CONVERSION = YES;
				CLANG_WARN_INFINITE_RECURSION = YES;
				CLANG_WARN_INT_CONVERSION = YES;
				CLANG_WARN_NON_LITERAL_NULL_CONVERSION = YES;
				CLANG_WARN_OBJC_IMPLICIT_RETAIN_SELF = YES;
				CLANG_WARN_OBJC_LITERAL_CONVERSION = YES;
				CLANG_WARN_OBJC_ROOT_CLASS = YES_ERROR;
				CLANG_WARN_QUOTED_INCLUDE_IN_FRAMEWORK_HEADER = YES;
				CLANG_WARN_RANGE_LOOP_ANALYSIS = YES;
				CLANG_WARN_STRICT_PROTOTYPES = YES;
				CLANG_WARN_SUSPICIOUS_MOVE = YES;
				CLANG_WARN_UNGUARDED_AVAILABILITY = YES_AGGRESSIVE;
				CLANG_WARN_UNREACHABLE_CODE = YES;
				CLANG_WARN__DUPLICATE_METHOD_MATCH = YES;
				COPY_PHASE_STRIP = NO;
				CURRENT_PROJECT_VERSION = 1;
				DEBUG_INFORMATION_FORMAT = "dwarf-with-dsym";
				DEVELOPMENT_TEAM = "";
				ENABLE_NS_ASSERTIONS = NO;
				ENABLE_STRICT_OBJC_MSGSEND = YES;
				GCC_C_LANGUAGE_STANDARD = gnu11;
				GCC_NO_COMMON_BLOCKS = YES;
				GCC_WARN_64_TO_32_BIT_CONVERSION = YES;
				GCC_WARN_ABOUT_RETURN_TYPE = YES_ERROR;
				GCC_WARN_UNDECLARED_SELECTOR = YES;
				GCC_WARN_UNINITIALIZED_AUTOS = YES_AGGRESSIVE;
				GCC_WARN_UNUSED_FUNCTION = YES;
				GCC_WARN_UNUSED_VARIABLE = YES;
				IPHONEOS_DEPLOYMENT_TARGET = 17.0;
				MARKETING_VERSION = 0.1.0;
				MTL_ENABLE_DEBUG_INFO = NO;
				MTL_FAST_MATH = YES;
				PRODUCT_NAME = "$(TARGET_NAME)";
				SDKROOT = iphoneos;
				SWIFT_COMPILATION_MODE = wholemodule;
				SWIFT_OPTIMIZATION_LEVEL = "-O";
				SWIFT_VERSION = 5.0;
			};
			name = Release;
		};
		B66B662A0340EC8B5965A989 /* Release */ = {
			isa = XCBuildConfiguration;
			buildSettings = {
				ASSETCATALOG_COMPILER_APPICON_NAME = AppIcon;
				CODE_SIGN_ENTITLEMENTS = App/GaryxMobile/GaryxMobile.entitlements;
				CODE_SIGN_IDENTITY = "Apple Distribution";
				CODE_SIGN_STYLE = Manual;
				GENERATE_INFOPLIST_FILE = NO;
				INFOPLIST_FILE = App/GaryxMobile/Info.plist;
				IPHONEOS_DEPLOYMENT_TARGET = 17.0;
				LD_RUNPATH_SEARCH_PATHS = (
					"$(inherited)",
					"@executable_path/Frameworks",
				);
				PRODUCT_BUNDLE_IDENTIFIER = com.garyx.mobile;
				PRODUCT_NAME = "Gary X";
				PROVISIONING_PROFILE_SPECIFIER = "$(IOS_APP_PROVISIONING_PROFILE_SPECIFIER)";
				SDKROOT = iphoneos;
				SUPPORTS_MACCATALYST = NO;
				SWIFT_VERSION = 5.9;
				TARGETED_DEVICE_FAMILY = "1,2";
			};
			name = Release;
		};
		BC91F52173FA85105F47EE78 /* Debug */ = {
			isa = XCBuildConfiguration;
			buildSettings = {
				ALWAYS_SEARCH_USER_PATHS = NO;
				CLANG_ANALYZER_NONNULL = YES;
				CLANG_ANALYZER_NUMBER_OBJECT_CONVERSION = YES_AGGRESSIVE;
				CLANG_CXX_LANGUAGE_STANDARD = "gnu++14";
				CLANG_CXX_LIBRARY = "libc++";
				CLANG_ENABLE_MODULES = YES;
				CLANG_ENABLE_OBJC_ARC = YES;
				CLANG_ENABLE_OBJC_WEAK = YES;
				CLANG_WARN_BLOCK_CAPTURE_AUTORELEASING = YES;
				CLANG_WARN_BOOL_CONVERSION = YES;
				CLANG_WARN_COMMA = YES;
				CLANG_WARN_CONSTANT_CONVERSION = YES;
				CLANG_WARN_DEPRECATED_OBJC_IMPLEMENTATIONS = YES;
				CLANG_WARN_DIRECT_OBJC_ISA_USAGE = YES_ERROR;
				CLANG_WARN_DOCUMENTATION_COMMENTS = YES;
				CLANG_WARN_EMPTY_BODY = YES;
				CLANG_WARN_ENUM_CONVERSION = YES;
				CLANG_WARN_INFINITE_RECURSION = YES;
				CLANG_WARN_INT_CONVERSION = YES;
				CLANG_WARN_NON_LITERAL_NULL_CONVERSION = YES;
				CLANG_WARN_OBJC_IMPLICIT_RETAIN_SELF = YES;
				CLANG_WARN_OBJC_LITERAL_CONVERSION = YES;
				CLANG_WARN_OBJC_ROOT_CLASS = YES_ERROR;
				CLANG_WARN_QUOTED_INCLUDE_IN_FRAMEWORK_HEADER = YES;
				CLANG_WARN_RANGE_LOOP_ANALYSIS = YES;
				CLANG_WARN_STRICT_PROTOTYPES = YES;
				CLANG_WARN_SUSPICIOUS_MOVE = YES;
				CLANG_WARN_UNGUARDED_AVAILABILITY = YES_AGGRESSIVE;
				CLANG_WARN_UNREACHABLE_CODE = YES;
				CLANG_WARN__DUPLICATE_METHOD_MATCH = YES;
				COPY_PHASE_STRIP = NO;
				CURRENT_PROJECT_VERSION = 1;
				DEBUG_INFORMATION_FORMAT = dwarf;
				DEVELOPMENT_TEAM = "";
				ENABLE_STRICT_OBJC_MSGSEND = YES;
				ENABLE_TESTABILITY = YES;
				GCC_C_LANGUAGE_STANDARD = gnu11;
				GCC_DYNAMIC_NO_PIC = NO;
				GCC_NO_COMMON_BLOCKS = YES;
				GCC_OPTIMIZATION_LEVEL = 0;
				GCC_PREPROCESSOR_DEFINITIONS = (
					"$(inherited)",
					"DEBUG=1",
				);
				GCC_WARN_64_TO_32_BIT_CONVERSION = YES;
				GCC_WARN_ABOUT_RETURN_TYPE = YES_ERROR;
				GCC_WARN_UNDECLARED_SELECTOR = YES;
				GCC_WARN_UNINITIALIZED_AUTOS = YES_AGGRESSIVE;
				GCC_WARN_UNUSED_FUNCTION = YES;
				GCC_WARN_UNUSED_VARIABLE = YES;
				IPHONEOS_DEPLOYMENT_TARGET = 17.0;
				MARKETING_VERSION = 0.1.0;
				MTL_ENABLE_DEBUG_INFO = INCLUDE_SOURCE;
				MTL_FAST_MATH = YES;
				ONLY_ACTIVE_ARCH = YES;
				PRODUCT_NAME = "$(TARGET_NAME)";
				SDKROOT = iphoneos;
				SWIFT_ACTIVE_COMPILATION_CONDITIONS = DEBUG;
				SWIFT_OPTIMIZATION_LEVEL = "-Onone";
				SWIFT_VERSION = 5.0;
			};
			name = Debug;
		};
		F62F6D3454801C942C30AF8B /* Release */ = {
			isa = XCBuildConfiguration;
			buildSettings = {
				CODE_SIGN_ENTITLEMENTS = Widget/GaryxRecentThreadsWidget/GaryxRecentThreadsWidget.entitlements;
				CODE_SIGN_IDENTITY = "Apple Distribution";
				CODE_SIGN_STYLE = Manual;
				INFOPLIST_FILE = Widget/GaryxRecentThreadsWidget/Info.plist;
				IPHONEOS_DEPLOYMENT_TARGET = 17.0;
				LD_RUNPATH_SEARCH_PATHS = (
					"$(inherited)",
					"@executable_path/Frameworks",
					"@executable_path/../../Frameworks",
				);
				PRODUCT_BUNDLE_IDENTIFIER = com.garyx.mobile.RecentThreadsWidget;
				PRODUCT_NAME = GaryxRecentThreadsWidget;
				PROVISIONING_PROFILE_SPECIFIER = "$(IOS_WIDGET_PROVISIONING_PROFILE_SPECIFIER)";
				SDKROOT = iphoneos;
				SKIP_INSTALL = YES;
				SUPPORTS_MACCATALYST = NO;
				SWIFT_VERSION = 5.9;
				TARGETED_DEVICE_FAMILY = "1,2";
			};
			name = Release;
		};
/* End XCBuildConfiguration section */

/* Begin XCConfigurationList section */
		3CD5FACE30AFC20BE6857F21 /* Build configuration list for PBXNativeTarget "GaryxMobile" */ = {
			isa = XCConfigurationList;
			buildConfigurations = (
				73FB948FA9166B5560629A3E /* Debug */,
				B66B662A0340EC8B5965A989 /* Release */,
			);
			defaultConfigurationIsVisible = 0;
			defaultConfigurationName = Debug;
		};
		77234A0266B8815BAA698EFA /* Build configuration list for PBXNativeTarget "GaryxRecentThreadsWidget" */ = {
			isa = XCConfigurationList;
			buildConfigurations = (
				049FAE091AA98CA8A6EBBA24 /* Debug */,
				F62F6D3454801C942C30AF8B /* Release */,
			);
			defaultConfigurationIsVisible = 0;
			defaultConfigurationName = Debug;
		};
		A66DEAF75527E7E706B22C8F /* Build configuration list for PBXProject "GaryxMobile" */ = {
			isa = XCConfigurationList;
			buildConfigurations = (
				BC91F52173FA85105F47EE78 /* Debug */,
				831DE8B21AD3C5F887DB92FD /* Release */,
			);
			defaultConfigurationIsVisible = 0;
			defaultConfigurationName = Debug;
		};
/* End XCConfigurationList section */
	};
	rootObject = 4A02628BC12AEC1AB9A0BEA3 /* Project object */;
}
